
Microsoft Visual Studio Solution File, Format Version 12.00
# Visual Studio 2013
VisualStudioVersion = 12.0.21005.1
MinimumVisualStudioVersion = 10.0.40219.1
Project("{FAE04EC0-301F-11D3-BF4B-00C04F79EFBC}") = "Set2_9", "Set2_9\Set2_9.csproj", "{AB28833E-292F-4ACF-80D7-CA05022AF16E}"
EndProject
Global
	GlobalSection(SolutionConfigurationPlatforms) = preSolution
		Debug|Any CPU = Debug|Any CPU
		Release|Any CPU = Release|Any CPU
	EndGlobalSection
	GlobalSection(ProjectConfigurationPlatforms) = postSolution
		{AB28833E-292F-4ACF-80D7-CA05022AF16E}.Debug|Any CPU.ActiveCfg = Debug|Any CPU
		{AB28833E-292F-4ACF-80D7-CA05022AF16E}.Debug|Any CPU.Build.0 = Debug|Any CPU
		{AB28833E-292F-4ACF-80D7-CA05022AF16E}.Release|Any CPU.ActiveCfg = Release|Any CPU
		{AB28833E-292F-4ACF-80D7-CA05022AF16E}.Release|Any CPU.Build.0 = Release|Any CPU
	EndGlobalSection
	GlobalSection(SolutionProperties) = preSolution
		HideSolutionNode = FALSE
	EndGlobalSection
EndGlobal
